
Microsoft Visual Studio Solution File, Format Version 12.00
# Visual Studio 15
VisualStudioVersion = 15.0.28307.645
MinimumVisualStudioVersion = 10.0.40219.1
Project("{FAE04EC0-301F-11D3-BF4B-00C04F79EFBC}") = "TPIS", "TPIS\TPIS.csproj", "{F9FAA829-82DE-46EB-8E4D-276315BBB728}"
EndProject
Global
	GlobalSection(SolutionConfigurationPlatforms) = preSolution
		Debug|Any CPU = Debug|Any CPU
		Release|Any CPU = Release|Any CPU
	EndGlobalSection
	GlobalSection(ProjectConfigurationPlatforms) = postSolution
		{F9FAA829-82DE-46EB-8E4D-276315BBB728}.Debug|Any CPU.ActiveCfg = Debug|Any CPU
		{F9FAA829-82DE-46EB-8E4D-276315BBB728}.Debug|Any CPU.Build.0 = Debug|Any CPU
		{F9FAA829-82DE-46EB-8E4D-276315BBB728}.Release|Any CPU.ActiveCfg = Release|Any CPU
		{F9FAA829-82DE-46EB-8E4D-276315BBB728}.Release|Any CPU.Build.0 = Release|Any CPU
	EndGlobalSection
	GlobalSection(SolutionProperties) = preSolution
		HideSolutionNode = FALSE
	EndGlobalSection
	GlobalSection(ExtensibilityGlobals) = postSolution
		SolutionGuid = {596CCEB4-50CA-4B11-99AD-EFC1A93C6A5E}
	EndGlobalSection
EndGlobal
